
Microsoft Visual Studio Solution File, Format Version 12.00
# Visual Studio Version 17
VisualStudioVersion = 17.9.34723.18
MinimumVisualStudioVersion = 10.0.40219.1
Project("{8BC9CEB8-8B4A-11D0-8D11-00A0C91BC942}") = "BinaryTree", "BinaryTree.vcxproj", "{68D49AE3-0529-4E3E-84DB-DC34D2344EB8}"
EndProject
Global
	GlobalSection(SolutionConfigurationPlatforms) = preSolution
		Debug|x64 = Debug|x64
		Debug|x86 = Debug|x86
		Release|x64 = Release|x64
		Release|x86 = Release|x86
	EndGlobalSection
	GlobalSection(ProjectConfigurationPlatforms) = postSolution
		{68D49AE3-0529-4E3E-84DB-DC34D2344EB8}.Debug|x64.ActiveCfg = Debug|x64
		{68D49AE3-0529-4E3E-84DB-DC34D2344EB8}.Debug|x64.Build.0 = Debug|x64
		{68D49AE3-0529-4E3E-84DB-DC34D2344EB8}.Debug|x86.ActiveCfg = Debug|Win32
		{68D49AE3-0529-4E3E-84DB-DC34D2344EB8}.Debug|x86.Build.0 = Debug|Win32
		{68D49AE3-0529-4E3E-84DB-DC34D2344EB8}.Release|x64.ActiveCfg = Release|x64
		{68D49AE3-0529-4E3E-84DB-DC34D2344EB8}.Release|x64.Build.0 = Release|x64
		{68D49AE3-0529-4E3E-84DB-DC34D2344EB8}.Release|x86.ActiveCfg = Release|Win32
		{68D49AE3-0529-4E3E-84DB-DC34D2344EB8}.Release|x86.Build.0 = Release|Win32
	EndGlobalSection
	GlobalSection(SolutionProperties) = preSolution
		HideSolutionNode = FALSE
	EndGlobalSection
	GlobalSection(ExtensibilityGlobals) = postSolution
		SolutionGuid = {5FA43E3C-5C59-407B-B9F7-B30291232AF2}
	EndGlobalSection
EndGlobal
